github.com/codefrite/gameboy-go v0.0.6 h1:HZI/Jyaf3V1DUJTuiRGkEi454kWtLuz8dqKiR/YvA4U=
github.com/codefrite/gameboy-go v0.0.6/go.mod h1:3c3xas9po/MrvWAGI4gMer8AyFfF1PivMRHa57F0XIE=
github.com/codefrite/gameboy-go v0.0.8 h1:FoG9eMfWPtjZCkengkT9oX9bfzW9Q+HCKlhMWxo/Hfo=
github.com/codefrite/gameboy-go v0.0.8/go.mod h1:3c3xas9po/MrvWAGI4gMer8AyFfF1PivMRHa57F0XIE=
github.com/codefrite/gameboy-go v0.1.25 h1:US2CTfI2aWipnCryeQhmiyrZZKKC70+1XKSZ02CYo8U=
github.com/codefrite/gameboy-go v0.1.25/go.mod h1:3c3xas9po/MrvWAGI4gMer8AyFfF1PivMRHa57F0XIE=
github.com/codefrite/gameboy-go v0.2.0 h1:d3YqxcM+gW8E8k+8uDmitGAypXtJrjCIY4zabBQfdy8=
github.com/codefrite/gameboy-go v0.2.0/go.mod h1:3c3xas9po/MrvWAGI4gMer8AyFfF1PivMRHa57F0XIE=
github.com/codefrite/gameboy-go v0.2.1 h1:HxXfERmbBwMCe3XosQx0cJIiKjLlQMg4l6D1VnZRC2w=
github.com/codefrite/gameboy-go v0.2.1/go.mod h1:3c3xas9po/MrvWAGI4gMer8AyFfF1PivMRHa57F0XIE=
github.com/codefrite/gameboy-go v0.2.2 h1:aePSmM3r86REZvkzqhyPaLdOE7KQr2zjIO5iidDM+64=
github.com/codefrite/gameboy-go v0.2.2/go.mod h1:3c3xas9po/MrvWAGI4gMer8AyFfF1PivMRHa57F0XIE=
github.com/codefrite/gameboy-go v0.2.3 h1:sHhUU0w95HwIxjqerJAs7UBaIsa8uXHD2Vj4XGyJ6KE=
github.com/codefrite/gameboy-go v0.2.3/go.mod h1:3c3xas9po/MrvWAGI4gMer8AyFfF1PivMRHa57F0XIE=
github.com/codefrite/gameboy-go v0.2.4 h1:NBflrkjXYMjU96P78xzMbKK79gi3m23TZPDEt8lTwpE=
github.com/codefrite/gameboy-go v0.2.4/go.mod h1:3c3xas9po/MrvWAGI4gMer8AyFfF1PivMRHa57F0XIE=
github.com/codefrite/gameboy-go v0.2.5 h1:LOd+WJiUA3KTd0m4k84XlunTDuNkTJOQVr2E3Ci9jMc=
github.com/codefrite/gameboy-go v0.2.5/go.mod h1:3c3xas9po/MrvWAGI4gMer8AyFfF1PivMRHa57F0XIE=
github.com/codefrite/gameboy-go v0.2.6 h1:weeLU1rx0S45/AC6/2DR4ydsVf4bvEp47gAr9lLYEpo=
github.com/codefrite/gameboy-go v0.2.6/go.mod h1:3c3xas9po/MrvWAGI4gMer8AyFfF1PivMRHa57F0XIE=
github.com/codefrite/gameboy-go v0.2.7 h1:iKvTmiasA3Wsu7sV/7YZDGJOA+zkU3rxR2BoOICGlho=
github.com/codefrite/gameboy-go v0.2.7/go.mod h1:3c3xas9po/MrvWAGI4gMer8AyFfF1PivMRHa57F0XIE=
github.com/codefrite/gameboy-go v0.2.8 h1:XmSDVr5r0eOx3vYmU00CRCJSSQIQWoxS4lUUY+YSmFo=
github.com/codefrite/gameboy-go v0.2.8/go.mod h1:3c3xas9po/MrvWAGI4gMer8AyFfF1PivMRHa57F0XIE=
github.com/codefrite/gameboy-go v0.2.9 h1:giMACy+ppBrek6I5NKAplPP+8Y0pk4Z1vCE0JnCTSx8=
github.com/codefrite/gameboy-go v0.2.9/go.mod h1:3c3xas9po/MrvWAGI4gMer8AyFfF1PivMRHa57F0XIE=
github.com/codefrite/gameboy-go v0.2.10 h1:1riWx5WKSe/LM17Rz7Ucigg+Li9KFtxKdSqOEBzE5fI=
github.com/codefrite/gameboy-go v0.2.10/go.mod h1:3c3xas9po/MrvWAGI4gMer8AyFfF1PivMRHa57F0XIE=
github.com/codefrite/gameboy-go v0.2.11 h1:bUnEanCX2SI7JYewfF9mHBR8nJOPP5F8tAXzHLWK+9E=
github.com/codefrite/gameboy-go v0.2.11/go.mod h1:t4ZYRmHc3APlRuFSYPzAoCBXdUIQOzoa0iOjIQyOc54=
github.com/codefrite/gameboy-go v0.2.12 h1:CR3cIDJRtBahA1i83FIgZ/yUJtOb3+AS+PwTDeI2XZM=
github.com/codefrite/gameboy-go v0.2.12/go.mod h1:t4ZYRmHc3APlRuFSYPzAoCBXdUIQOzoa0iOjIQyOc54=
github.com/codefrite/gameboy-go v0.2.13 h1:6ND6+50Odg0p/uG+UyedFK5vD57uBtcXHS/7BP/q3PU=
github.com/codefrite/gameboy-go v0.2.13/go.mod h1:t4ZYRmHc3APlRuFSYPzAoCBXdUIQOzoa0iOjIQyOc54=
github.com/codefrite/gameboy-go v0.2.14 h1:LJIEfBKdvFxl5WLDvgVfEGZaHxZKqyfdtsl4Gzd7iXs=
github.com/codefrite/gameboy-go v0.2.14/go.mod h1:t4ZYRmHc3APlRuFSYPzAoCBXdUIQOzoa0iOjIQyOc54=
github.com/codefrite/gameboy-go v0.2.15 h1:Aab9s9U5rEmKoISRGjvQe/DUokQdb5Cm8LaLXDCQZdA=
github.com/codefrite/gameboy-go v0.2.15/go.mod h1:t4ZYRmHc3APlRuFSYPzAoCBXdUIQOzoa0iOjIQyOc54=
github.com/codefrite/gameboy-go v0.2.16 h1:qVL2Lgg4IA7ReYyo2nKFsUY7Ix5ge+G3skPGdekh9n4=
github.com/codefrite/gameboy-go v0.2.16/go.mod h1:t4ZYRmHc3APlRuFSYPzAoCBXdUIQOzoa0iOjIQyOc54=
github.com/codefrite/gameboy-go v0.3.0 h1:DPc/2ELLXfyDlVHd4lCt2YhKvyKsBLkMjM+mFhXjCAg=
github.com/codefrite/gameboy-go v0.3.0/go.mod h1:mEoMyLHPQgyKAeyK87KDl+m6P6SEclYkXWAs2mJZlC4=
github.com/codefrite/gameboy-go v0.3.1 h1:JcWjCzzI1FF7J+2+kvU/coiXETFAdSOWNwDWa5nmduw=
github.com/codefrite/gameboy-go v0.3.1/go.mod h1:mEoMyLHPQgyKAeyK87KDl+m6P6SEclYkXWAs2mJZlC4=
github.com/codefrite/gameboy-go v0.3.2 h1:XuGa31mH3jMTZYkkMpv/VLJOSwRRjlpzHK3iLzQXexk=
github.com/codefrite/gameboy-go v0.3.2/go.mod h1:mEoMyLHPQgyKAeyK87KDl+m6P6SEclYkXWAs2mJZlC4=
github.com/codefrite/gameboy-go v0.4.1 h1:rskNJJHAY5BLytSiFZXDnJ7j6DNXymtbyed8+ObmN7o=
github.com/codefrite/gameboy-go v0.4.1/go.mod h1:mEoMyLHPQgyKAeyK87KDl+m6P6SEclYkXWAs2mJZlC4=
github.com/codefrite/gameboy-go v0.4.2 h1:6S1EPhiOVpACvs/di8K3Ri246osNgJcq2KM0s9v4rmk=
github.com/codefrite/gameboy-go v0.4.2/go.mod h1:mEoMyLHPQgyKAeyK87KDl+m6P6SEclYkXWAs2mJZlC4=
github.com/codefrite/gameboy-go v0.4.3 h1:bci6kE9Tjy+8ABlbykbVmwbF7z27WKfvTC4gqtPBPy4=
github.com/codefrite/gameboy-go v0.4.3/go.mod h1:mEoMyLHPQgyKAeyK87KDl+m6P6SEclYkXWAs2mJZlC4=
github.com/codefrite/gameboy-go v0.4.4 h1:opao9XXbIuLydmTxTioprqJllOlBcOti4dVbBthDBWo=
github.com/codefrite/gameboy-go v0.4.4/go.mod h1:mEoMyLHPQgyKAeyK87KDl+m6P6SEclYkXWAs2mJZlC4=
github.com/gorilla/websocket v1.5.3 h1:saDtZ6Pbx/0u+bgYQ3q96pZgCzfhKXGPqt7kZ72aNNg=
github.com/gorilla/websocket v1.5.3/go.mod h1:YR8l580nyteQvAITg2hZ9XVh4b55+EU/adAjf1fMHhE=
